// !$*UTF8*$!
{
	archiveVersion = 1;
	classes = {
	};
	objectVersion = 46;
	objects = {

/* Begin PBXBuildFile section */
		504B1B461B7C31B200DD146F /* main.m in Sources */ = {isa = PBXBuildFile; fileRef = 504B1B451B7C31B200DD146F /* main.m */; };
		504B1B491B7C31B200DD146F /* AppDelegate.m in Sources */ = {isa = PBXBuildFile; fileRef = 504B1B481B7C31B200DD146F /* AppDelegate.m */; };
		504B1B4C1B7C31B200DD146F /* WatchKitWeatherUpdates.xcdatamodeld in Sources */ = {isa = PBXBuildFile; fileRef = 504B1B4A1B7C31B200DD146F /* WatchKitWeatherUpdates.xcdatamodeld */; };
		504B1B4F1B7C31B200DD146F /* ViewController.m in Sources */ = {isa = PBXBuildFile; fileRef = 504B1B4E1B7C31B200DD146F /* ViewController.m */; };
		504B1B521B7C31B200DD146F /* Main.storyboard in Resources */ = {isa = PBXBuildFile; fileRef = 504B1B501B7C31B200DD146F /* Main.storyboard */; };
		504B1B541B7C31B200DD146F /* Images.xcassets in Resources */ = {isa = PBXBuildFile; fileRef = 504B1B531B7C31B200DD146F /* Images.xcassets */; };
		504B1B571B7C31B200DD146F /* LaunchScreen.xib in Resources */ = {isa = PBXBuildFile; fileRef = 504B1B551B7C31B200DD146F /* LaunchScreen.xib */; };
		504B1B631B7C31B200DD146F /* WatchKitWeatherUpdatesTests.m in Sources */ = {isa = PBXBuildFile; fileRef = 504B1B621B7C31B200DD146F /* WatchKitWeatherUpdatesTests.m */; };
		504B1B7C1B7C3F8300DD146F /* InterfaceController.m in Sources */ = {isa = PBXBuildFile; fileRef = 504B1B7B1B7C3F8300DD146F /* InterfaceController.m */; };
		504B1B7E1B7C3F8300DD146F /* Images.xcassets in Resources */ = {isa = PBXBuildFile; fileRef = 504B1B7D1B7C3F8300DD146F /* Images.xcassets */; };
		504B1B821B7C3F8300DD146F /* WatchKitWeatherUpdates WatchKit App.app in Resources */ = {isa = PBXBuildFile; fileRef = 504B1B811B7C3F8300DD146F /* WatchKitWeatherUpdates WatchKit App.app */; };
		504B1B8A1B7C3F8300DD146F /* Interface.storyboard in Resources */ = {isa = PBXBuildFile; fileRef = 504B1B881B7C3F8300DD146F /* Interface.storyboard */; };
		504B1B8C1B7C3F8300DD146F /* Images.xcassets in Resources */ = {isa = PBXBuildFile; fileRef = 504B1B8B1B7C3F8300DD146F /* Images.xcassets */; };
		504B1B8F1B7C3F8300DD146F /* WatchKitWeatherUpdates WatchKit Extension.appex in Embed App Extensions */ = {isa = PBXBuildFile; fileRef = 504B1B761B7C3F8300DD146F /* WatchKitWeatherUpdates WatchKit Extension.appex */; settings = {ATTRIBUTES = (RemoveHeadersOnCopy, ); }; };
/* End PBXBuildFile section */

/* Begin PBXContainerItemProxy section */
		504B1B5D1B7C31B200DD146F /* PBXContainerItemProxy */ = {
			isa = PBXContainerItemProxy;
			containerPortal = 504B1B381B7C31B200DD146F /* Project object */;
			proxyType = 1;
			remoteGlobalIDString = 504B1B3F1B7C31B200DD146F;
			remoteInfo = WatchKitWeatherUpdates;
		};
		504B1B831B7C3F8300DD146F /* PBXContainerItemProxy */ = {
			isa = PBXContainerItemProxy;
			containerPortal = 504B1B381B7C31B200DD146F /* Project object */;
			proxyType = 1;
			remoteGlobalIDString = 504B1B801B7C3F8300DD146F;
			remoteInfo = "WatchKitWeatherUpdates WatchKit App";
		};
		504B1B8D1B7C3F8300DD146F /* PBXContainerItemProxy */ = {
			isa = PBXContainerItemProxy;
			containerPortal = 504B1B381B7C31B200DD146F /* Project object */;
			proxyType = 1;
			remoteGlobalIDString = 504B1B751B7C3F8300DD146F;
			remoteInfo = "WatchKitWeatherUpdates WatchKit Extension";
		};
/* End PBXContainerItemProxy section */

/* Begin PBXCopyFilesBuildPhase section */
		504B1B961B7C3F8300DD146F /* Embed App Extensions */ = {
			isa = PBXCopyFilesBuildPhase;
			buildActionMask = 2147483647;
			dstPath = "";
			dstSubfolderSpec = 13;
			files = (
				504B1B8F1B7C3F8300DD146F /* WatchKitWeatherUpdates WatchKit Extension.appex in Embed App Extensions */,
			);
			name = "Embed App Extensions";
			runOnlyForDeploymentPostprocessing = 0;
		};
/* End PBXCopyFilesBuildPhase section */

/* Begin PBXFileReference section */
		504B1B401B7C31B200DD146F /* WatchKitWeatherUpdates.app */ = {isa = PBXFileReference; explicitFileType = wrapper.application; includeInIndex = 0; path = WatchKitWeatherUpdates.app; sourceTree = BUILT_PRODUCTS_DIR; };
		504B1B441B7C31B200DD146F /* Info.plist */ = {isa = PBXFileReference; lastKnownFileType = text.plist.xml; path = Info.plist; sourceTree = "<group>"; };
		504B1B451B7C31B200DD146F /* main.m */ = {isa = PBXFileReference; lastKnownFileType = sourcecode.c.objc; path = main.m; sourceTree = "<group>"; };
		504B1B471B7C31B200DD146F /* AppDelegate.h */ = {isa = PBXFileReference; lastKnownFileType = sourcecode.c.h; path = AppDelegate.h; sourceTree = "<group>"; };
		504B1B481B7C31B200DD146F /* AppDelegate.m */ = {isa = PBXFileReference; lastKnownFileType = sourcecode.c.objc; path = AppDelegate.m; sourceTree = "<group>"; };
		504B1B4B1B7C31B200DD146F /* WatchKitWeatherUpdates.xcdatamodel */ = {isa = PBXFileReference; lastKnownFileType = wrapper.xcdatamodel; path = WatchKitWeatherUpdates.xcdatamodel; sourceTree = "<group>"; };
		504B1B4D1B7C31B200DD146F /* ViewController.h */ = {isa = PBXFileReference; lastKnownFileType = sourcecode.c.h; path = ViewController.h; sourceTree = "<group>"; };
		504B1B4E1B7C31B200DD146F /* ViewController.m */ = {isa = PBXFileReference; lastKnownFileType = sourcecode.c.objc; path = ViewController.m; sourceTree = "<group>"; };
		504B1B511B7C31B200DD146F /* Base */ = {isa = PBXFileReference; lastKnownFileType = file.storyboard; name = Base; path = Base.lproj/Main.storyboard; sourceTree = "<group>"; };
		504B1B531B7C31B200DD146F /* Images.xcassets */ = {isa = PBXFileReference; lastKnownFileType = folder.assetcatalog; path = Images.xcassets; sourceTree = "<group>"; };
		504B1B561B7C31B200DD146F /* Base */ = {isa = PBXFileReference; lastKnownFileType = file.xib; name = Base; path = Base.lproj/LaunchScreen.xib; sourceTree = "<group>"; };
		504B1B5C1B7C31B200DD146F /* WatchKitWeatherUpdatesTests.xctest */ = {isa = PBXFileReference; explicitFileType = wrapper.cfbundle; includeInIndex = 0; path = WatchKitWeatherUpdatesTests.xctest; sourceTree = BUILT_PRODUCTS_DIR; };
		504B1B611B7C31B200DD146F /* Info.plist */ = {isa = PBXFileReference; lastKnownFileType = text.plist.xml; path = Info.plist; sourceTree = "<group>"; };
		504B1B621B7C31B200DD146F /* WatchKitWeatherUpdatesTests.m */ = {isa = PBXFileReference; lastKnownFileType = sourcecode.c.objc; path = WatchKitWeatherUpdatesTests.m; sourceTree = "<group>"; };
		504B1B761B7C3F8300DD146F /* WatchKitWeatherUpdates WatchKit Extension.appex */ = {isa = PBXFileReference; explicitFileType = "wrapper.app-extension"; includeInIndex = 0; path = "WatchKitWeatherUpdates WatchKit Extension.appex"; sourceTree = BUILT_PRODUCTS_DIR; };
		504B1B791B7C3F8300DD146F /* Info.plist */ = {isa = PBXFileReference; lastKnownFileType = text.plist.xml; path = Info.plist; sourceTree = "<group>"; };
		504B1B7A1B7C3F8300DD146F /* InterfaceController.h */ = {isa = PBXFileReference; lastKnownFileType = sourcecode.c.h; path = InterfaceController.h; sourceTree = "<group>"; };
		504B1B7B1B7C3F8300DD146F /* InterfaceController.m */ = {isa = PBXFileReference; lastKnownFileType = sourcecode.c.objc; path = InterfaceController.m; sourceTree = "<group>"; };
		504B1B7D1B7C3F8300DD146F /* Images.xcassets */ = {isa = PBXFileReference; lastKnownFileType = folder.assetcatalog; path = Images.xcassets; sourceTree = "<group>"; };
		504B1B811B7C3F8300DD146F /* WatchKitWeatherUpdates WatchKit App.app */ = {isa = PBXFileReference; explicitFileType = wrapper.application; includeInIndex = 0; path = "WatchKitWeatherUpdates WatchKit App.app"; sourceTree = BUILT_PRODUCTS_DIR; };
		504B1B871B7C3F8300DD146F /* Info.plist */ = {isa = PBXFileReference; lastKnownFileType = text.plist.xml; path = Info.plist; sourceTree = "<group>"; };
		504B1B891B7C3F8300DD146F /* Base */ = {isa = PBXFileReference; lastKnownFileType = file.storyboard; name = Base; path = Base.lproj/Interface.storyboard; sourceTree = "<group>"; };
		504B1B8B1B7C3F8300DD146F /* Images.xcassets */ = {isa = PBXFileReference; lastKnownFileType = folder.assetcatalog; path = Images.xcassets; sourceTree = "<group>"; };
/* End PBXFileReference section */

/* Begin PBXFrameworksBuildPhase section */
		504B1B3D1B7C31B200DD146F /* Frameworks */ = {
			isa = PBXFrameworksBuildPhase;
			buildActionMask = 2147483647;
			files = (
			);
			runOnlyForDeploymentPostprocessing = 0;
		};
		504B1B591B7C31B200DD146F /* Frameworks */ = {
			isa = PBXFrameworksBuildPhase;
			buildActionMask = 2147483647;
			files = (
			);
			runOnlyForDeploymentPostprocessing = 0;
		};
		504B1B731B7C3F8300DD146F /* Frameworks */ = {
			isa = PBXFrameworksBuildPhase;
			buildActionMask = 2147483647;
			files = (
			);
			runOnlyForDeploymentPostprocessing = 0;
		};
/* End PBXFrameworksBuildPhase section */

/* Begin PBXGroup section */
		504B1B371B7C31B200DD146F = {
			isa = PBXGroup;
			children = (
				504B1B421B7C31B200DD146F /* WatchKitWeatherUpdates */,
				504B1B5F1B7C31B200DD146F /* WatchKitWeatherUpdatesTests */,
				504B1B771B7C3F8300DD146F /* WatchKitWeatherUpdates WatchKit Extension */,
				504B1B851B7C3F8300DD146F /* WatchKitWeatherUpdates WatchKit App */,
				504B1B411B7C31B200DD146F /* Products */,
			);
			sourceTree = "<group>";
		};
		504B1B411B7C31B200DD146F /* Products */ = {
			isa = PBXGroup;
			children = (
				504B1B401B7C31B200DD146F /* WatchKitWeatherUpdates.app */,
				504B1B5C1B7C31B200DD146F /* WatchKitWeatherUpdatesTests.xctest */,
				504B1B761B7C3F8300DD146F /* WatchKitWeatherUpdates WatchKit Extension.appex */,
				504B1B811B7C3F8300DD146F /* WatchKitWeatherUpdates WatchKit App.app */,
			);
			name = Products;
			sourceTree = "<group>";
		};
		504B1B421B7C31B200DD146F /* WatchKitWeatherUpdates */ = {
			isa = PBXGroup;
			children = (
				504B1B471B7C31B200DD146F /* AppDelegate.h */,
				504B1B481B7C31B200DD146F /* AppDelegate.m */,
				504B1B4D1B7C31B200DD146F /* ViewController.h */,
				504B1B4E1B7C31B200DD146F /* ViewController.m */,
				504B1B501B7C31B200DD146F /* Main.storyboard */,
				504B1B531B7C31B200DD146F /* Images.xcassets */,
				504B1B551B7C31B200DD146F /* LaunchScreen.xib */,
				504B1B4A1B7C31B200DD146F /* WatchKitWeatherUpdates.xcdatamodeld */,
				504B1B431B7C31B200DD146F /* Supporting Files */,
			);
			path = WatchKitWeatherUpdates;
			sourceTree = "<group>";
		};
		504B1B431B7C31B200DD146F /* Supporting Files */ = {
			isa = PBXGroup;
			children = (
				504B1B441B7C31B200DD146F /* Info.plist */,
				504B1B451B7C31B200DD146F /* main.m */,
			);
			name = "Supporting Files";
			sourceTree = "<group>";
		};
		504B1B5F1B7C31B200DD146F /* WatchKitWeatherUpdatesTests */ = {
			isa = PBXGroup;
			children = (
				504B1B621B7C31B200DD146F /* WatchKitWeatherUpdatesTests.m */,
				504B1B601B7C31B200DD146F /* Supporting Files */,
			);
			path = WatchKitWeatherUpdatesTests;
			sourceTree = "<group>";
		};
		504B1B601B7C31B200DD146F /* Supporting Files */ = {
			isa = PBXGroup;
			children = (
				504B1B611B7C31B200DD146F /* Info.plist */,
			);
			name = "Supporting Files";
			sourceTree = "<group>";
		};
		504B1B771B7C3F8300DD146F /* WatchKitWeatherUpdates WatchKit Extension */ = {
			isa = PBXGroup;
			children = (
				504B1B7A1B7C3F8300DD146F /* InterfaceController.h */,
				504B1B7B1B7C3F8300DD146F /* InterfaceController.m */,
				504B1B7D1B7C3F8300DD146F /* Images.xcassets */,
				504B1B781B7C3F8300DD146F /* Supporting Files */,
			);
			path = "WatchKitWeatherUpdates WatchKit Extension";
			sourceTree = "<group>";
		};
		504B1B781B7C3F8300DD146F /* Supporting Files */ = {
			isa = PBXGroup;
			children = (
				504B1B791B7C3F8300DD146F /* Info.plist */,
			);
			name = "Supporting Files";
			sourceTree = "<group>";
		};
		504B1B851B7C3F8300DD146F /* WatchKitWeatherUpdates WatchKit App */ = {
			isa = PBXGroup;
			children = (
				504B1B881B7C3F8300DD146F /* Interface.storyboard */,
				504B1B8B1B7C3F8300DD146F /* Images.xcassets */,
				504B1B861B7C3F8300DD146F /* Supporting Files */,
			);
			path = "WatchKitWeatherUpdates WatchKit App";
			sourceTree = "<group>";
		};
		504B1B861B7C3F8300DD146F /* Supporting Files */ = {
			isa = PBXGroup;
			children = (
				504B1B871B7C3F8300DD146F /* Info.plist */,
			);
			name = "Supporting Files";
			sourceTree = "<group>";
		};
/* End PBXGroup section */

/* Begin PBXNativeTarget section */
		504B1B3F1B7C31B200DD146F /* WatchKitWeatherUpdates */ = {
			isa = PBXNativeTarget;
			buildConfigurationList = 504B1B661B7C31B200DD146F /* Build configuration list for PBXNativeTarget "WatchKitWeatherUpdates" */;
			buildPhases = (
				504B1B3C1B7C31B200DD146F /* Sources */,
				504B1B3D1B7C31B200DD146F /* Frameworks */,
				504B1B3E1B7C31B200DD146F /* Resources */,
				504B1B961B7C3F8300DD146F /* Embed App Extensions */,
			);
			buildRules = (
			);
			dependencies = (
				504B1B8E1B7C3F8300DD146F /* PBXTargetDependency */,
			);
			name = WatchKitWeatherUpdates;
			productName = WatchKitWeatherUpdates;
			productReference = 504B1B401B7C31B200DD146F /* WatchKitWeatherUpdates.app */;
			productType = "com.apple.product-type.application";
		};
		504B1B5B1B7C31B200DD146F /* WatchKitWeatherUpdatesTests */ = {
			isa = PBXNativeTarget;
			buildConfigurationList = 504B1B691B7C31B200DD146F /* Build configuration list for PBXNativeTarget "WatchKitWeatherUpdatesTests" */;
			buildPhases = (
				504B1B581B7C31B200DD146F /* Sources */,
				504B1B591B7C31B200DD146F /* Frameworks */,
				504B1B5A1B7C31B200DD146F /* Resources */,
			);
			buildRules = (
			);
			dependencies = (
				504B1B5E1B7C31B200DD146F /* PBXTargetDependency */,
			);
			name = WatchKitWeatherUpdatesTests;
			productName = WatchKitWeatherUpdatesTests;
			productReference = 504B1B5C1B7C31B200DD146F /* WatchKitWeatherUpdatesTests.xctest */;
			productType = "com.apple.product-type.bundle.unit-test";
		};
		504B1B751B7C3F8300DD146F /* WatchKitWeatherUpdates WatchKit Extension */ = {
			isa = PBXNativeTarget;
			buildConfigurationList = 504B1B931B7C3F8300DD146F /* Build configuration list for PBXNativeTarget "WatchKitWeatherUpdates WatchKit Extension" */;
			buildPhases = (
				504B1B721B7C3F8300DD146F /* Sources */,
				504B1B731B7C3F8300DD146F /* Frameworks */,
				504B1B741B7C3F8300DD146F /* Resources */,
			);
			buildRules = (
			);
			dependencies = (
				504B1B841B7C3F8300DD146F /* PBXTargetDependency */,
			);
			name = "WatchKitWeatherUpdates WatchKit Extension";
			productName = "WatchKitWeatherUpdates WatchKit Extension";
			productReference = 504B1B761B7C3F8300DD146F /* WatchKitWeatherUpdates WatchKit Extension.appex */;
			productType = "com.apple.product-type.watchkit-extension";
		};
		504B1B801B7C3F8300DD146F /* WatchKitWeatherUpdates WatchKit App */ = {
			isa = PBXNativeTarget;
			buildConfigurationList = 504B1B901B7C3F8300DD146F /* Build configuration list for PBXNativeTarget "WatchKitWeatherUpdates WatchKit App" */;
			buildPhases = (
				504B1B7F1B7C3F8300DD146F /* Resources */,
			);
			buildRules = (
			);
			dependencies = (
			);
			name = "WatchKitWeatherUpdates WatchKit App";
			productName = "WatchKitWeatherUpdates WatchKit App";
			productReference = 504B1B811B7C3F8300DD146F /* WatchKitWeatherUpdates WatchKit App.app */;
			productType = "com.apple.product-type.application.watchapp";
		};
/* End PBXNativeTarget section */

/* Begin PBXProject section */
		504B1B381B7C31B200DD146F /* Project object */ = {
			isa = PBXProject;
			attributes = {
				LastUpgradeCheck = 0640;
				ORGANIZATIONNAME = "Albert Saucedo";
				TargetAttributes = {
					504B1B3F1B7C31B200DD146F = {
						CreatedOnToolsVersion = 6.4;
					};
					504B1B5B1B7C31B200DD146F = {
						CreatedOnToolsVersion = 6.4;
						TestTargetID = 504B1B3F1B7C31B200DD146F;
					};
					504B1B751B7C3F8300DD146F = {
						CreatedOnToolsVersion = 6.4;
					};
					504B1B801B7C3F8300DD146F = {
						CreatedOnToolsVersion = 6.4;
					};
				};
			};
			buildConfigurationList = 504B1B3B1B7C31B200DD146F /* Build configuration list for PBXProject "WatchKitWeatherUpdates" */;
			compatibilityVersion = "Xcode 3.2";
			developmentRegion = English;
			hasScannedForEncodings = 0;
			knownRegions = (
				en,
				Base,
			);
			mainGroup = 504B1B371B7C31B200DD146F;
			productRefGroup = 504B1B411B7C31B200DD146F /* Products */;
			projectDirPath = "";
			projectRoot = "";
			targets = (
				504B1B3F1B7C31B200DD146F /* WatchKitWeatherUpdates */,
				504B1B5B1B7C31B200DD146F /* WatchKitWeatherUpdatesTests */,
				504B1B751B7C3F8300DD146F /* WatchKitWeatherUpdates WatchKit Extension */,
				504B1B801B7C3F8300DD146F /* WatchKitWeatherUpdates WatchKit App */,
			);
		};
/* End PBXProject section */

/* Begin PBXResourcesBuildPhase section */
		504B1B3E1B7C31B200DD146F /* Resources */ = {
			isa = PBXResourcesBuildPhase;
			buildActionMask = 2147483647;
			files = (
				504B1B521B7C31B200DD146F /* Main.storyboard in Resources */,
				504B1B571B7C31B200DD146F /* LaunchScreen.xib in Resources */,
				504B1B541B7C31B200DD146F /* Images.xcassets in Resources */,
			);
			runOnlyForDeploymentPostprocessing = 0;
		};
		504B1B5A1B7C31B200DD146F /* Resources */ = {
			isa = PBXResourcesBuildPhase;
			buildActionMask = 2147483647;
			files = (
			);
			runOnlyForDeploymentPostprocessing = 0;
		};
		504B1B741B7C3F8300DD146F /* Resources */ = {
			isa = PBXResourcesBuildPhase;
			buildActionMask = 2147483647;
			files = (
				504B1B7E1B7C3F8300DD146F /* Images.xcassets in Resources */,
				504B1B821B7C3F8300DD146F /* WatchKitWeatherUpdates WatchKit App.app in Resources */,
			);
			runOnlyForDeploymentPostprocessing = 0;
		};
		504B1B7F1B7C3F8300DD146F /* Resources */ = {
			isa = PBXResourcesBuildPhase;
			buildActionMask = 2147483647;
			files = (
				504B1B8A1B7C3F8300DD146F /* Interface.storyboard in Resources */,
				504B1B8C1B7C3F8300DD146F /* Images.xcassets in Resources */,
			);
			runOnlyForDeploymentPostprocessing = 0;
		};
/* End PBXResourcesBuildPhase section */

/* Begin PBXSourcesBuildPhase section */
		504B1B3C1B7C31B200DD146F /* Sources */ = {
			isa = PBXSourcesBuildPhase;
			buildActionMask = 2147483647;
			files = (
				504B1B4C1B7C31B200DD146F /* WatchKitWeatherUpdates.xcdatamodeld in Sources */,
				504B1B491B7C31B200DD146F /* AppDelegate.m in Sources */,
				504B1B4F1B7C31B200DD146F /* ViewController.m in Sources */,
				504B1B461B7C31B200DD146F /* main.m in Sources */,
			);
			runOnlyForDeploymentPostprocessing = 0;
		};
		504B1B581B7C31B200DD146F /* Sources */ = {
			isa = PBXSourcesBuildPhase;
			buildActionMask = 2147483647;
			files = (
				504B1B631B7C31B200DD146F /* WatchKitWeatherUpdatesTests.m in Sources */,
			);
			runOnlyForDeploymentPostprocessing = 0;
		};
		504B1B721B7C3F8300DD146F /* Sources */ = {
			isa = PBXSourcesBuildPhase;
			buildActionMask = 2147483647;
			files = (
				504B1B7C1B7C3F8300DD146F /* InterfaceController.m in Sources */,
			);
			runOnlyForDeploymentPostprocessing = 0;
		};
/* End PBXSourcesBuildPhase section */

/* Begin PBXTargetDependency section */
		504B1B5E1B7C31B200DD146F /* PBXTargetDependency */ = {
			isa = PBXTargetDependency;
			target = 504B1B3F1B7C31B200DD146F /* WatchKitWeatherUpdates */;
			targetProxy = 504B1B5D1B7C31B200DD146F /* PBXContainerItemProxy */;
		};
		504B1B841B7C3F8300DD146F /* PBXTargetDependency */ = {
			isa = PBXTargetDependency;
			target = 504B1B801B7C3F8300DD146F /* WatchKitWeatherUpdates WatchKit App */;
			targetProxy = 504B1B831B7C3F8300DD146F /* PBXContainerItemProxy */;
		};
		504B1B8E1B7C3F8300DD146F /* PBXTargetDependency */ = {
			isa = PBXTargetDependency;
			target = 504B1B751B7C3F8300DD146F /* WatchKitWeatherUpdates WatchKit Extension */;
			targetProxy = 504B1B8D1B7C3F8300DD146F /* PBXContainerItemProxy */;
		};
/* End PBXTargetDependency section */

/* Begin PBXVariantGroup section */
		504B1B501B7C31B200DD146F /* Main.storyboard */ = {
			isa = PBXVariantGroup;
			children = (
				504B1B511B7C31B200DD146F /* Base */,
			);
			name = Main.storyboard;
			sourceTree = "<group>";
		};
		504B1B551B7C31B200DD146F /* LaunchScreen.xib */ = {
			isa = PBXVariantGroup;
			children = (
				504B1B561B7C31B200DD146F /* Base */,
			);
			name = LaunchScreen.xib;
			sourceTree = "<group>";
		};
		504B1B881B7C3F8300DD146F /* Interface.storyboard */ = {
			isa = PBXVariantGroup;
			children = (
				504B1B891B7C3F8300DD146F /* Base */,
			);
			name = Interface.storyboard;
			sourceTree = "<group>";
		};
/* End PBXVariantGroup section */

/* Begin XCBuildConfiguration section */
		504B1B641B7C31B200DD146F /* Debug */ = {
			isa = XCBuildConfiguration;
			buildSettings = {
				ALWAYS_SEARCH_USER_PATHS = NO;
				CLANG_CXX_LANGUAGE_STANDARD = "gnu++0x";
				CLANG_CXX_LIBRARY = "libc++";
				CLANG_ENABLE_MODULES = YES;
				CLANG_ENABLE_OBJC_ARC = YES;
				CLANG_WARN_BOOL_CONVERSION = YES;
				CLANG_WARN_CONSTANT_CONVERSION = YES;
				CLANG_WARN_DIRECT_OBJC_ISA_USAGE = YES_ERROR;
				CLANG_WARN_EMPTY_BODY = YES;
				CLANG_WARN_ENUM_CONVERSION = YES;
				CLANG_WARN_INT_CONVERSION = YES;
				CLANG_WARN_OBJC_ROOT_CLASS = YES_ERROR;
				CLANG_WARN_UNREACHABLE_CODE = YES;
				CLANG_WARN__DUPLICATE_METHOD_MATCH = YES;
				"CODE_SIGN_IDENTITY[sdk=iphoneos*]" = "iPhone Developer";
				COPY_PHASE_STRIP = NO;
				DEBUG_INFORMATION_FORMAT = "dwarf-with-dsym";
				ENABLE_STRICT_OBJC_MSGSEND = YES;
				GCC_C_LANGUAGE_STANDARD = gnu99;
				GCC_DYNAMIC_NO_PIC = NO;
				GCC_NO_COMMON_BLOCKS = YES;
				GCC_OPTIMIZATION_LEVEL = 0;
				GCC_PREPROCESSOR_DEFINITIONS = (
					"DEBUG=1",
					"$(inherited)",
				);
				GCC_SYMBOLS_PRIVATE_EXTERN = NO;
				GCC_WARN_64_TO_32_BIT_CONVERSION = YES;
				GCC_WARN_ABOUT_RETURN_TYPE = YES_ERROR;
				GCC_WARN_UNDECLARED_SELECTOR = YES;
				GCC_WARN_UNINITIALIZED_AUTOS = YES_AGGRESSIVE;
				GCC_WARN_UNUSED_FUNCTION = YES;
				GCC_WARN_UNUSED_VARIABLE = YES;
				IPHONEOS_DEPLOYMENT_TARGET = 8.4;
				MTL_ENABLE_DEBUG_INFO = YES;
				ONLY_ACTIVE_ARCH = YES;
				SDKROOT = iphoneos;
			};
			name = Debug;
		};
		504B1B651B7C31B200DD146F /* Release */ = {
			isa = XCBuildConfiguration;
			buildSettings = {
				ALWAYS_SEARCH_USER_PATHS = NO;
				CLANG_CXX_LANGUAGE_STANDARD = "gnu++0x";
				CLANG_CXX_LIBRARY = "libc++";
				CLANG_ENABLE_MODULES = YES;
				CLANG_ENABLE_OBJC_ARC = YES;
				CLANG_WARN_BOOL_CONVERSION = YES;
				CLANG_WARN_CONSTANT_CONVERSION = YES;
				CLANG_WARN_DIRECT_OBJC_ISA_USAGE = YES_ERROR;
				CLANG_WARN_EMPTY_BODY = YES;
				CLANG_WARN_ENUM_CONVERSION = YES;
				CLANG_WARN_INT_CONVERSION = YES;
				CLANG_WARN_OBJC_ROOT_CLASS = YES_ERROR;
				CLANG_WARN_UNREACHABLE_CODE = YES;
				CLANG_WARN__DUPLICATE_METHOD_MATCH = YES;
				"CODE_SIGN_IDENTITY[sdk=iphoneos*]" = "iPhone Developer";
				COPY_PHASE_STRIP = NO;
				DEBUG_INFORMATION_FORMAT = "dwarf-with-dsym";
				ENABLE_NS_ASSERTIONS = NO;
				ENABLE_STRICT_OBJC_MSGSEND = YES;
				GCC_C_LANGUAGE_STANDARD = gnu99;
				GCC_NO_COMMON_BLOCKS = YES;
				GCC_WARN_64_TO_32_BIT_CONVERSION = YES;
				GCC_WARN_ABOUT_RETURN_TYPE = YES_ERROR;
				GCC_WARN_UNDECLARED_SELECTOR = YES;
				GCC_WARN_UNINITIALIZED_AUTOS = YES_AGGRESSIVE;
				GCC_WARN_UNUSED_FUNCTION = YES;
				GCC_WARN_UNUSED_VARIABLE = YES;
				IPHONEOS_DEPLOYMENT_TARGET = 8.4;
				MTL_ENABLE_DEBUG_INFO = NO;
				SDKROOT = iphoneos;
				VALIDATE_PRODUCT = YES;
			};
			name = Release;
		};
		504B1B671B7C31B200DD146F /* Debug */ = {
			isa = XCBuildConfiguration;
			buildSettings = {
				ASSETCATALOG_COMPILER_APPICON_NAME = AppIcon;
				INFOPLIST_FILE = WatchKitWeatherUpdates/Info.plist;
				LD_RUNPATH_SEARCH_PATHS = "$(inherited) @executable_path/Frameworks";
				PRODUCT_NAME = "$(TARGET_NAME)";
			};
			name = Debug;
		};
		504B1B681B7C31B200DD146F /* Release */ = {
			isa = XCBuildConfiguration;
			buildSettings = {
				ASSETCATALOG_COMPILER_APPICON_NAME = AppIcon;
				INFOPLIST_FILE = WatchKitWeatherUpdates/Info.plist;
				LD_RUNPATH_SEARCH_PATHS = "$(inherited) @executable_path/Frameworks";
				PRODUCT_NAME = "$(TARGET_NAME)";
			};
			name = Release;
		};
		504B1B6A1B7C31B200DD146F /* Debug */ = {
			isa = XCBuildConfiguration;
			buildSettings = {
				BUNDLE_LOADER = "$(TEST_HOST)";
				FRAMEWORK_SEARCH_PATHS = (
					"$(SDKROOT)/Developer/Library/Frameworks",
					"$(inherited)",
				);
				GCC_PREPROCESSOR_DEFINITIONS = (
					"DEBUG=1",
					"$(inherited)",
				);
				INFOPLIST_FILE = WatchKitWeatherUpdatesTests/Info.plist;
				LD_RUNPATH_SEARCH_PATHS = "$(inherited) @executable_path/Frameworks @loader_path/Frameworks";
				PRODUCT_NAME = "$(TARGET_NAME)";
				TEST_HOST = "$(BUILT_PRODUCTS_DIR)/WatchKitWeatherUpdates.app/WatchKitWeatherUpdates";
			};
			name = Debug;
		};
		504B1B6B1B7C31B200DD146F /* Release */ = {
			isa = XCBuildConfiguration;
			buildSettings = {
				BUNDLE_LOADER = "$(TEST_HOST)";
				FRAMEWORK_SEARCH_PATHS = (
					"$(SDKROOT)/Developer/Library/Frameworks",
					"$(inherited)",
				);
				INFOPLIST_FILE = WatchKitWeatherUpdatesTests/Info.plist;
				LD_RUNPATH_SEARCH_PATHS = "$(inherited) @executable_path/Frameworks @loader_path/Frameworks";
				PRODUCT_NAME = "$(TARGET_NAME)";
				TEST_HOST = "$(BUILT_PRODUCTS_DIR)/WatchKitWeatherUpdates.app/WatchKitWeatherUpdates";
			};
			name = Release;
		};
		504B1B911B7C3F8300DD146F /* Debug */ = {
			isa = XCBuildConfiguration;
			buildSettings = {
				ASSETCATALOG_COMPILER_APPICON_NAME = AppIcon;
				GCC_PREPROCESSOR_DEFINITIONS = (
					"DEBUG=1",
					"$(inherited)",
				);
				IBSC_MODULE = WatchKitWeatherUpdates_WatchKit_Extension;
				INFOPLIST_FILE = "WatchKitWeatherUpdates WatchKit App/Info.plist";
				IPHONEOS_DEPLOYMENT_TARGET = 8.2;
				PRODUCT_NAME = "$(TARGET_NAME)";
				SKIP_INSTALL = YES;
				TARGETED_DEVICE_FAMILY = 4;
				"TARGETED_DEVICE_FAMILY[sdk=iphonesimulator*]" = "1,4";
			};
			name = Debug;
		};
		504B1B921B7C3F8300DD146F /* Release */ = {
			isa = XCBuildConfiguration;
			buildSettings = {
				ASSETCATALOG_COMPILER_APPICON_NAME = AppIcon;
				IBSC_MODULE = WatchKitWeatherUpdates_WatchKit_Extension;
				INFOPLIST_FILE = "WatchKitWeatherUpdates WatchKit App/Info.plist";
				IPHONEOS_DEPLOYMENT_TARGET = 8.2;
				PRODUCT_NAME = "$(TARGET_NAME)";
				SKIP_INSTALL = YES;
				TARGETED_DEVICE_FAMILY = 4;
				"TARGETED_DEVICE_FAMILY[sdk=iphonesimulator*]" = "1,4";
			};
			name = Release;
		};
		504B1B941B7C3F8300DD146F /* Debug */ = {
			isa = XCBuildConfiguration;
			buildSettings = {
				GCC_PREPROCESSOR_DEFINITIONS = (
					"DEBUG=1",
					"$(inherited)",
				);
				INFOPLIST_FILE = "WatchKitWeatherUpdates WatchKit Extension/Info.plist";
				LD_RUNPATH_SEARCH_PATHS = "$(inherited) @executable_path/Frameworks @executable_path/../../Frameworks";
				PRODUCT_NAME = "${TARGET_NAME}";
				SKIP_INSTALL = YES;
			};
			name = Debug;
		};
		504B1B951B7C3F8300DD146F /* Release */ = {
			isa = XCBuildConfiguration;
			buildSettings = {
				INFOPLIST_FILE = "WatchKitWeatherUpdates WatchKit Extension/Info.plist";
				LD_RUNPATH_SEARCH_PATHS = "$(inherited) @executable_path/Frameworks @executable_path/../../Frameworks";
				PRODUCT_NAME = "${TARGET_NAME}";
				SKIP_INSTALL = YES;
			};
			name = Release;
		};
/* End XCBuildConfiguration section */

/* Begin XCConfigurationList section */
		504B1B3B1B7C31B200DD146F /* Build configuration list for PBXProject "WatchKitWeatherUpdates" */ = {
			isa = XCConfigurationList;
			buildConfigurations = (
				504B1B641B7C31B200DD146F /* Debug */,
				504B1B651B7C31B200DD146F /* Release */,
			);
			defaultConfigurationIsVisible = 0;
			defaultConfigurationName = Release;
		};
		504B1B661B7C31B200DD146F /* Build configuration list for PBXNativeTarget "WatchKitWeatherUpdates" */ = {
			isa = XCConfigurationList;
			buildConfigurations = (
				504B1B671B7C31B200DD146F /* Debug */,
				504B1B681B7C31B200DD146F /* Release */,
			);
			defaultConfigurationIsVisible = 0;
		};
		504B1B691B7C31B200DD146F /* Build configuration list for PBXNativeTarget "WatchKitWeatherUpdatesTests" */ = {
			isa = XCConfigurationList;
			buildConfigurations = (
				504B1B6A1B7C31B200DD146F /* Debug */,
				504B1B6B1B7C31B200DD146F /* Release */,
			);
			defaultConfigurationIsVisible = 0;
		};
		504B1B901B7C3F8300DD146F /* Build configuration list for PBXNativeTarget "WatchKitWeatherUpdates WatchKit App" */ = {
			isa = XCConfigurationList;
			buildConfigurations = (
				504B1B911B7C3F8300DD146F /* Debug */,
				504B1B921B7C3F8300DD146F /* Release */,
			);
			defaultConfigurationIsVisible = 0;
		};
		504B1B931B7C3F8300DD146F /* Build configuration list for PBXNativeTarget "WatchKitWeatherUpdates WatchKit Extension" */ = {
			isa = XCConfigurationList;
			buildConfigurations = (
				504B1B941B7C3F8300DD146F /* Debug */,
				504B1B951B7C3F8300DD146F /* Release */,
			);
			defaultConfigurationIsVisible = 0;
		};
/* End XCConfigurationList section */

/* Begin XCVersionGroup section */
		504B1B4A1B7C31B200DD146F /* WatchKitWeatherUpdates.xcdatamodeld */ = {
			isa = XCVersionGroup;
			children = (
				504B1B4B1B7C31B200DD146F /* WatchKitWeatherUpdates.xcdatamodel */,
			);
			currentVersion = 504B1B4B1B7C31B200DD146F /* WatchKitWeatherUpdates.xcdatamodel */;
			path = WatchKitWeatherUpdates.xcdatamodeld;
			sourceTree = "<group>";
			versionGroupType = wrapper.xcdatamodel;
		};
/* End XCVersionGroup section */
	};
	rootObject = 504B1B381B7C31B200DD146F /* Project object */;
}
